// !$*UTF8*$!
{
	archiveVersion = 1;
	classes = {
	};
	objectVersion = 50;
	objects = {

/* Begin PBXBuildFile section */
		22DE3BC72755F5A17D20B6A5 /* Pods_DALI_Yak.framework in Frameworks */ = {isa = PBXBuildFile; fileRef = 179018C645C5F49E0624C3BC /* Pods_DALI_Yak.framework */; };
		523FA97A2252C79D001E12C9 /* AppDelegate.swift in Sources */ = {isa = PBXBuildFile; fileRef = 523FA9792252C79D001E12C9 /* AppDelegate.swift */; };
		523FA97F2252C79D001E12C9 /* Main.storyboard in Resources */ = {isa = PBXBuildFile; fileRef = 523FA97D2252C79D001E12C9 /* Main.storyboard */; };
		523FA9812252C79F001E12C9 /* Assets.xcassets in Resources */ = {isa = PBXBuildFile; fileRef = 523FA9802252C79F001E12C9 /* Assets.xcassets */; };
		523FA9842252C79F001E12C9 /* LaunchScreen.storyboard in Resources */ = {isa = PBXBuildFile; fileRef = 523FA9822252C79F001E12C9 /* LaunchScreen.storyboard */; };
		5246E610225D21C7002E308C /* WritePostViewController.swift in Sources */ = {isa = PBXBuildFile; fileRef = 5246E60F225D21C7002E308C /* WritePostViewController.swift */; };
		529FAA3A225AA1D000CA2054 /* FeedViewController.swift in Sources */ = {isa = PBXBuildFile; fileRef = 529FAA39225AA1D000CA2054 /* FeedViewController.swift */; };
		529FAA3C225AA2D200CA2054 /* PostCell.swift in Sources */ = {isa = PBXBuildFile; fileRef = 529FAA3B225AA2D200CA2054 /* PostCell.swift */; };
		529FAA40225AA33E00CA2054 /* GoogleService-Info.plist in Resources */ = {isa = PBXBuildFile; fileRef = 529FAA3F225AA33E00CA2054 /* GoogleService-Info.plist */; };
		529FAA44225AA5E700CA2054 /* Post.swift in Sources */ = {isa = PBXBuildFile; fileRef = 529FAA43225AA5E700CA2054 /* Post.swift */; };
		529FAA46225AB00C00CA2054 /* DatabaseController.swift in Sources */ = {isa = PBXBuildFile; fileRef = 529FAA45225AB00C00CA2054 /* DatabaseController.swift */; };
		529FAA50225BBA0600CA2054 /* Reply.swift in Sources */ = {isa = PBXBuildFile; fileRef = 529FAA4F225BBA0600CA2054 /* Reply.swift */; };
		C2C282242261636E0078E885 /* RepliesViewController.swift in Sources */ = {isa = PBXBuildFile; fileRef = C2C282232261636E0078E885 /* RepliesViewController.swift */; };
		C2C2822622616EFF0078E885 /* RepliesTableViewController.swift in Sources */ = {isa = PBXBuildFile; fileRef = C2C2822522616EFF0078E885 /* RepliesTableViewController.swift */; };
		C2C28228226177560078E885 /* ReplyTableViewCell.swift in Sources */ = {isa = PBXBuildFile; fileRef = C2C28227226177560078E885 /* ReplyTableViewCell.swift */; };
/* End PBXBuildFile section */

/* Begin PBXFileReference section */
		0620AED95A42EA1493B76DC2 /* Pods-DALI Yak.release.xcconfig */ = {isa = PBXFileReference; includeInIndex = 1; lastKnownFileType = text.xcconfig; name = "Pods-DALI Yak.release.xcconfig"; path = "Target Support Files/Pods-DALI Yak/Pods-DALI Yak.release.xcconfig"; sourceTree = "<group>"; };
		179018C645C5F49E0624C3BC /* Pods_DALI_Yak.framework */ = {isa = PBXFileReference; explicitFileType = wrapper.framework; includeInIndex = 0; path = Pods_DALI_Yak.framework; sourceTree = BUILT_PRODUCTS_DIR; };
		39EB531349E6D889B1B7E276 /* Pods-DALI Yak.debug.xcconfig */ = {isa = PBXFileReference; includeInIndex = 1; lastKnownFileType = text.xcconfig; name = "Pods-DALI Yak.debug.xcconfig"; path = "Target Support Files/Pods-DALI Yak/Pods-DALI Yak.debug.xcconfig"; sourceTree = "<group>"; };
		523FA9762252C79D001E12C9 /* DALI Yak.app */ = {isa = PBXFileReference; explicitFileType = wrapper.application; includeInIndex = 0; path = "DALI Yak.app"; sourceTree = BUILT_PRODUCTS_DIR; };
		523FA9792252C79D001E12C9 /* AppDelegate.swift */ = {isa = PBXFileReference; lastKnownFileType = sourcecode.swift; path = AppDelegate.swift; sourceTree = "<group>"; };
		523FA97E2252C79D001E12C9 /* Base */ = {isa = PBXFileReference; lastKnownFileType = file.storyboard; name = Base; path = Base.lproj/Main.storyboard; sourceTree = "<group>"; };
		523FA9802252C79F001E12C9 /* Assets.xcassets */ = {isa = PBXFileReference; lastKnownFileType = folder.assetcatalog; path = Assets.xcassets; sourceTree = "<group>"; };
		523FA9832252C79F001E12C9 /* Base */ = {isa = PBXFileReference; lastKnownFileType = file.storyboard; name = Base; path = Base.lproj/LaunchScreen.storyboard; sourceTree = "<group>"; };
		523FA9852252C79F001E12C9 /* Info.plist */ = {isa = PBXFileReference; lastKnownFileType = text.plist.xml; path = Info.plist; sourceTree = "<group>"; };
		5246E60F225D21C7002E308C /* WritePostViewController.swift */ = {isa = PBXFileReference; lastKnownFileType = sourcecode.swift; path = WritePostViewController.swift; sourceTree = "<group>"; };
		529FAA39225AA1D000CA2054 /* FeedViewController.swift */ = {isa = PBXFileReference; lastKnownFileType = sourcecode.swift; path = FeedViewController.swift; sourceTree = "<group>"; };
		529FAA3B225AA2D200CA2054 /* PostCell.swift */ = {isa = PBXFileReference; lastKnownFileType = sourcecode.swift; path = PostCell.swift; sourceTree = "<group>"; };
		529FAA3F225AA33E00CA2054 /* GoogleService-Info.plist */ = {isa = PBXFileReference; fileEncoding = 4; lastKnownFileType = text.plist.xml; path = "GoogleService-Info.plist"; sourceTree = "<group>"; };
		529FAA43225AA5E700CA2054 /* Post.swift */ = {isa = PBXFileReference; lastKnownFileType = sourcecode.swift; path = Post.swift; sourceTree = "<group>"; };
		529FAA45225AB00C00CA2054 /* DatabaseController.swift */ = {isa = PBXFileReference; lastKnownFileType = sourcecode.swift; path = DatabaseController.swift; sourceTree = "<group>"; };
		529FAA4F225BBA0600CA2054 /* Reply.swift */ = {isa = PBXFileReference; lastKnownFileType = sourcecode.swift; path = Reply.swift; sourceTree = "<group>"; };
		C2C282232261636E0078E885 /* RepliesViewController.swift */ = {isa = PBXFileReference; lastKnownFileType = sourcecode.swift; path = RepliesViewController.swift; sourceTree = "<group>"; };
		C2C2822522616EFF0078E885 /* RepliesTableViewController.swift */ = {isa = PBXFileReference; lastKnownFileType = sourcecode.swift; path = RepliesTableViewController.swift; sourceTree = "<group>"; };
		C2C28227226177560078E885 /* ReplyTableViewCell.swift */ = {isa = PBXFileReference; lastKnownFileType = sourcecode.swift; path = ReplyTableViewCell.swift; sourceTree = "<group>"; };
/* End PBXFileReference section */

/* Begin PBXFrameworksBuildPhase section */
		523FA9732252C79D001E12C9 /* Frameworks */ = {
			isa = PBXFrameworksBuildPhase;
			buildActionMask = 2147483647;
			files = (
				22DE3BC72755F5A17D20B6A5 /* Pods_DALI_Yak.framework in Frameworks */,
			);
			runOnlyForDeploymentPostprocessing = 0;
		};
/* End PBXFrameworksBuildPhase section */

/* Begin PBXGroup section */
		4A5BC818F2899E8B07964107 /* Frameworks */ = {
			isa = PBXGroup;
			children = (
				179018C645C5F49E0624C3BC /* Pods_DALI_Yak.framework */,
			);
			name = Frameworks;
			sourceTree = "<group>";
		};
		523A2CC12264F3F6005387B6 /* Database */ = {
			isa = PBXGroup;
			children = (
				529FAA45225AB00C00CA2054 /* DatabaseController.swift */,
				529FAA43225AA5E700CA2054 /* Post.swift */,
				529FAA4F225BBA0600CA2054 /* Reply.swift */,
			);
			path = Database;
			sourceTree = "<group>";
		};
		523A2CC22264F826005387B6 /* Auxilary Views */ = {
			isa = PBXGroup;
			children = (
				C2C282232261636E0078E885 /* RepliesViewController.swift */,
				C2C2822522616EFF0078E885 /* RepliesTableViewController.swift */,
				C2C28227226177560078E885 /* ReplyTableViewCell.swift */,
				5246E60F225D21C7002E308C /* WritePostViewController.swift */,
			);
			path = "Auxilary Views";
			sourceTree = "<group>";
		};
		523FA96D2252C79D001E12C9 = {
			isa = PBXGroup;
			children = (
				523FA9782252C79D001E12C9 /* DALI Yak */,
				523A2CC12264F3F6005387B6 /* Database */,
				523FA9772252C79D001E12C9 /* Products */,
				75CFC0DBDA9189AD65D27A0C /* Pods */,
				4A5BC818F2899E8B07964107 /* Frameworks */,
			);
			sourceTree = "<group>";
		};
		523FA9772252C79D001E12C9 /* Products */ = {
			isa = PBXGroup;
			children = (
				523FA9762252C79D001E12C9 /* DALI Yak.app */,
			);
			name = Products;
			sourceTree = "<group>";
		};
		523FA9782252C79D001E12C9 /* DALI Yak */ = {
			isa = PBXGroup;
			children = (
				523FA9792252C79D001E12C9 /* AppDelegate.swift */,
				529FAA3D225AA32400CA2054 /* UI */,
				529FAA3E225AA32F00CA2054 /* Supporting Files */,
			);
			path = "DALI Yak";
			sourceTree = "<group>";
		};
		529FAA3D225AA32400CA2054 /* UI */ = {
			isa = PBXGroup;
			children = (
				529FAA39225AA1D000CA2054 /* FeedViewController.swift */,
				529FAA3B225AA2D200CA2054 /* PostCell.swift */,
				523FA97D2252C79D001E12C9 /* Main.storyboard */,
				523FA9822252C79F001E12C9 /* LaunchScreen.storyboard */,
				523A2CC22264F826005387B6 /* Auxilary Views */,
				523FA9802252C79F001E12C9 /* Assets.xcassets */,
			);
			path = UI;
			sourceTree = "<group>";
		};
		529FAA3E225AA32F00CA2054 /* Supporting Files */ = {
			isa = PBXGroup;
			children = (
				523FA9852252C79F001E12C9 /* Info.plist */,
				529FAA3F225AA33E00CA2054 /* GoogleService-Info.plist */,
			);
			path = "Supporting Files";
			sourceTree = "<group>";
		};
		75CFC0DBDA9189AD65D27A0C /* Pods */ = {
			isa = PBXGroup;
			children = (
				39EB531349E6D889B1B7E276 /* Pods-DALI Yak.debug.xcconfig */,
				0620AED95A42EA1493B76DC2 /* Pods-DALI Yak.release.xcconfig */,
			);
			path = Pods;
			sourceTree = "<group>";
		};
/* End PBXGroup section */

/* Begin PBXNativeTarget section */
		523FA9752252C79D001E12C9 /* DALI Yak */ = {
			isa = PBXNativeTarget;
			buildConfigurationList = 523FA9882252C79F001E12C9 /* Build configuration list for PBXNativeTarget "DALI Yak" */;
			buildPhases = (
				07900425326D457D8646C29E /* [CP] Check Pods Manifest.lock */,
				523FA9722252C79D001E12C9 /* Sources */,
				523FA9732252C79D001E12C9 /* Frameworks */,
				523FA9742252C79D001E12C9 /* Resources */,
				38EE8BAF0DFD27AFC1AA18C6 /* [CP] Embed Pods Frameworks */,
				529FAA48225AB33F00CA2054 /* Run Script */,
			);
			buildRules = (
			);
			dependencies = (
			);
			name = "DALI Yak";
			productName = "DALI Yak";
			productReference = 523FA9762252C79D001E12C9 /* DALI Yak.app */;
			productType = "com.apple.product-type.application";
		};
/* End PBXNativeTarget section */

/* Begin PBXProject section */
		523FA96E2252C79D001E12C9 /* Project object */ = {
			isa = PBXProject;
			attributes = {
				LastSwiftUpdateCheck = 1020;
				LastUpgradeCheck = 1020;
				ORGANIZATIONNAME = You;
				TargetAttributes = {
					523FA9752252C79D001E12C9 = {
						CreatedOnToolsVersion = 10.2;
					};
				};
			};
			buildConfigurationList = 523FA9712252C79D001E12C9 /* Build configuration list for PBXProject "DALI Yak" */;
			compatibilityVersion = "Xcode 9.3";
			developmentRegion = en;
			hasScannedForEncodings = 0;
			knownRegions = (
				en,
				Base,
			);
			mainGroup = 523FA96D2252C79D001E12C9;
			productRefGroup = 523FA9772252C79D001E12C9 /* Products */;
			projectDirPath = "";
			projectRoot = "";
			targets = (
				523FA9752252C79D001E12C9 /* DALI Yak */,
			);
		};
/* End PBXProject section */

/* Begin PBXResourcesBuildPhase section */
		523FA9742252C79D001E12C9 /* Resources */ = {
			isa = PBXResourcesBuildPhase;
			buildActionMask = 2147483647;
			files = (
				523FA9842252C79F001E12C9 /* LaunchScreen.storyboard in Resources */,
				529FAA40225AA33E00CA2054 /* GoogleService-Info.plist in Resources */,
				523FA9812252C79F001E12C9 /* Assets.xcassets in Resources */,
				523FA97F2252C79D001E12C9 /* Main.storyboard in Resources */,
			);
			runOnlyForDeploymentPostprocessing = 0;
		};
/* End PBXResourcesBuildPhase section */

/* Begin PBXShellScriptBuildPhase section */
		07900425326D457D8646C29E /* [CP] Check Pods Manifest.lock */ = {
			isa = PBXShellScriptBuildPhase;
			buildActionMask = 2147483647;
			files = (
			);
			inputFileListPaths = (
			);
			inputPaths = (
				"${PODS_PODFILE_DIR_PATH}/Podfile.lock",
				"${PODS_ROOT}/Manifest.lock",
			);
			name = "[CP] Check Pods Manifest.lock";
			outputFileListPaths = (
			);
			outputPaths = (
				"$(DERIVED_FILE_DIR)/Pods-DALI Yak-checkManifestLockResult.txt",
			);
			runOnlyForDeploymentPostprocessing = 0;
			shellPath = /bin/sh;
			shellScript = "diff \"${PODS_PODFILE_DIR_PATH}/Podfile.lock\" \"${PODS_ROOT}/Manifest.lock\" > /dev/null\nif [ $? != 0 ] ; then\n    # print error to STDERR\n    echo \"error: The sandbox is not in sync with the Podfile.lock. Run 'pod install' or update your CocoaPods installation.\" >&2\n    exit 1\nfi\n# This output is used by Xcode 'outputs' to avoid re-running this script phase.\necho \"SUCCESS\" > \"${SCRIPT_OUTPUT_FILE_0}\"\n";
			showEnvVarsInLog = 0;
		};
		38EE8BAF0DFD27AFC1AA18C6 /* [CP] Embed Pods Frameworks */ = {
			isa = PBXShellScriptBuildPhase;
			buildActionMask = 2147483647;
			files = (
			);
			inputFileListPaths = (
			);
			inputPaths = (
				"${PODS_ROOT}/Target Support Files/Pods-DALI Yak/Pods-DALI Yak-frameworks.sh",
				"${BUILT_PRODUCTS_DIR}/BoringSSL-GRPC/openssl_grpc.framework",
				"${BUILT_PRODUCTS_DIR}/EmitterKit/EmitterKit.framework",
				"${BUILT_PRODUCTS_DIR}/GoogleUtilities/GoogleUtilities.framework",
				"${BUILT_PRODUCTS_DIR}/Protobuf/Protobuf.framework",
				"${BUILT_PRODUCTS_DIR}/gRPC-C++/grpcpp.framework",
				"${BUILT_PRODUCTS_DIR}/gRPC-Core/grpc.framework",
				"${BUILT_PRODUCTS_DIR}/leveldb-library/leveldb.framework",
				"${BUILT_PRODUCTS_DIR}/nanopb/nanopb.framework",
			);
			name = "[CP] Embed Pods Frameworks";
			outputFileListPaths = (
			);
			outputPaths = (
				"${TARGET_BUILD_DIR}/${FRAMEWORKS_FOLDER_PATH}/openssl_grpc.framework",
				"${TARGET_BUILD_DIR}/${FRAMEWORKS_FOLDER_PATH}/EmitterKit.framework",
				"${TARGET_BUILD_DIR}/${FRAMEWORKS_FOLDER_PATH}/GoogleUtilities.framework",
				"${TARGET_BUILD_DIR}/${FRAMEWORKS_FOLDER_PATH}/Protobuf.framework",
				"${TARGET_BUILD_DIR}/${FRAMEWORKS_FOLDER_PATH}/grpcpp.framework",
				"${TARGET_BUILD_DIR}/${FRAMEWORKS_FOLDER_PATH}/grpc.framework",
				"${TARGET_BUILD_DIR}/${FRAMEWORKS_FOLDER_PATH}/leveldb.framework",
				"${TARGET_BUILD_DIR}/${FRAMEWORKS_FOLDER_PATH}/nanopb.framework",
			);
			runOnlyForDeploymentPostprocessing = 0;
			shellPath = /bin/sh;
			shellScript = "\"${PODS_ROOT}/Target Support Files/Pods-DALI Yak/Pods-DALI Yak-frameworks.sh\"\n";
			showEnvVarsInLog = 0;
		};
		529FAA48225AB33F00CA2054 /* Run Script */ = {
			isa = PBXShellScriptBuildPhase;
			buildActionMask = 2147483647;
			files = (
			);
			inputFileListPaths = (
			);
			inputPaths = (
			);
			name = "Run Script";
			outputFileListPaths = (
			);
			outputPaths = (
			);
			runOnlyForDeploymentPostprocessing = 0;
			shellPath = /bin/sh;
			shellScript = "\"${PODS_ROOT}/SwiftLint/swiftlint\"\n";
		};
/* End PBXShellScriptBuildPhase section */

/* Begin PBXSourcesBuildPhase section */
		523FA9722252C79D001E12C9 /* Sources */ = {
			isa = PBXSourcesBuildPhase;
			buildActionMask = 2147483647;
			files = (
				5246E610225D21C7002E308C /* WritePostViewController.swift in Sources */,
				C2C282242261636E0078E885 /* RepliesViewController.swift in Sources */,
				C2C2822622616EFF0078E885 /* RepliesTableViewController.swift in Sources */,
				529FAA3A225AA1D000CA2054 /* FeedViewController.swift in Sources */,
				529FAA46225AB00C00CA2054 /* DatabaseController.swift in Sources */,
				523FA97A2252C79D001E12C9 /* AppDelegate.swift in Sources */,
				529FAA3C225AA2D200CA2054 /* PostCell.swift in Sources */,
				529FAA44225AA5E700CA2054 /* Post.swift in Sources */,
				C2C28228226177560078E885 /* ReplyTableViewCell.swift in Sources */,
				529FAA50225BBA0600CA2054 /* Reply.swift in Sources */,
			);
			runOnlyForDeploymentPostprocessing = 0;
		};
/* End PBXSourcesBuildPhase section */

/* Begin PBXVariantGroup section */
		523FA97D2252C79D001E12C9 /* Main.storyboard */ = {
			isa = PBXVariantGroup;
			children = (
				523FA97E2252C79D001E12C9 /* Base */,
			);
			name = Main.storyboard;
			sourceTree = "<group>";
		};
		523FA9822252C79F001E12C9 /* LaunchScreen.storyboard */ = {
			isa = PBXVariantGroup;
			children = (
				523FA9832252C79F001E12C9 /* Base */,
			);
			name = LaunchScreen.storyboard;
			sourceTree = "<group>";
		};
/* End PBXVariantGroup section */

/* Begin XCBuildConfiguration section */
		523FA9862252C79F001E12C9 /* Debug */ = {
			isa = XCBuildConfiguration;
			buildSettings = {
				ALWAYS_SEARCH_USER_PATHS = NO;
				CLANG_ANALYZER_NONNULL = YES;
				CLANG_ANALYZER_NUMBER_OBJECT_CONVERSION = YES_AGGRESSIVE;
				CLANG_CXX_LANGUAGE_STANDARD = "gnu++14";
				CLANG_CXX_LIBRARY = "libc++";
				CLANG_ENABLE_MODULES = YES;
				CLANG_ENABLE_OBJC_ARC = YES;
				CLANG_ENABLE_OBJC_WEAK = YES;
				CLANG_WARN_BLOCK_CAPTURE_AUTORELEASING = YES;
				CLANG_WARN_BOOL_CONVERSION = YES;
				CLANG_WARN_COMMA = YES;
				CLANG_WARN_CONSTANT_CONVERSION = YES;
				CLANG_WARN_DEPRECATED_OBJC_IMPLEMENTATIONS = YES;
				CLANG_WARN_DIRECT_OBJC_ISA_USAGE = YES_ERROR;
				CLANG_WARN_DOCUMENTATION_COMMENTS = YES;
				CLANG_WARN_EMPTY_BODY = YES;
				CLANG_WARN_ENUM_CONVERSION = YES;
				CLANG_WARN_INFINITE_RECURSION = YES;
				CLANG_WARN_INT_CONVERSION = YES;
				CLANG_WARN_NON_LITERAL_NULL_CONVERSION = YES;
				CLANG_WARN_OBJC_IMPLICIT_RETAIN_SELF = YES;
				CLANG_WARN_OBJC_LITERAL_CONVERSION = YES;
				CLANG_WARN_OBJC_ROOT_CLASS = YES_ERROR;
				CLANG_WARN_RANGE_LOOP_ANALYSIS = YES;
				CLANG_WARN_STRICT_PROTOTYPES = YES;
				CLANG_WARN_SUSPICIOUS_MOVE = YES;
				CLANG_WARN_UNGUARDED_AVAILABILITY = YES_AGGRESSIVE;
				CLANG_WARN_UNREACHABLE_CODE = YES;
				CLANG_WARN__DUPLICATE_METHOD_MATCH = YES;
				CODE_SIGN_IDENTITY = "iPhone Developer";
				COPY_PHASE_STRIP = NO;
				DEBUG_INFORMATION_FORMAT = dwarf;
				ENABLE_STRICT_OBJC_MSGSEND = YES;
				ENABLE_TESTABILITY = YES;
				GCC_C_LANGUAGE_STANDARD = gnu11;
				GCC_DYNAMIC_NO_PIC = NO;
				GCC_NO_COMMON_BLOCKS = YES;
				GCC_OPTIMIZATION_LEVEL = 0;
				GCC_PREPROCESSOR_DEFINITIONS = (
					"DEBUG=1",
					"$(inherited)",
				);
				GCC_WARN_64_TO_32_BIT_CONVERSION = YES;
				GCC_WARN_ABOUT_RETURN_TYPE = YES_ERROR;
				GCC_WARN_UNDECLARED_SELECTOR = YES;
				GCC_WARN_UNINITIALIZED_AUTOS = YES_AGGRESSIVE;
				GCC_WARN_UNUSED_FUNCTION = YES;
				GCC_WARN_UNUSED_VARIABLE = YES;
				IPHONEOS_DEPLOYMENT_TARGET = 12.2;
				MTL_ENABLE_DEBUG_INFO = INCLUDE_SOURCE;
				MTL_FAST_MATH = YES;
				ONLY_ACTIVE_ARCH = YES;
				SDKROOT = iphoneos;
				SWIFT_ACTIVE_COMPILATION_CONDITIONS = DEBUG;
				SWIFT_OPTIMIZATION_LEVEL = "-Onone";
			};
			name = Debug;
		};
		523FA9872252C79F001E12C9 /* Release */ = {
			isa = XCBuildConfiguration;
			buildSettings = {
				ALWAYS_SEARCH_USER_PATHS = NO;
				CLANG_ANALYZER_NONNULL = YES;
				CLANG_ANALYZER_NUMBER_OBJECT_CONVERSION = YES_AGGRESSIVE;
				CLANG_CXX_LANGUAGE_STANDARD = "gnu++14";
				CLANG_CXX_LIBRARY = "libc++";
				CLANG_ENABLE_MODULES = YES;
				CLANG_ENABLE_OBJC_ARC = YES;
				CLANG_ENABLE_OBJC_WEAK = YES;
				CLANG_WARN_BLOCK_CAPTURE_AUTORELEASING = YES;
				CLANG_WARN_BOOL_CONVERSION = YES;
				CLANG_WARN_COMMA = YES;
				CLANG_WARN_CONSTANT_CONVERSION = YES;
				CLANG_WARN_DEPRECATED_OBJC_IMPLEMENTATIONS = YES;
				CLANG_WARN_DIRECT_OBJC_ISA_USAGE = YES_ERROR;
				CLANG_WARN_DOCUMENTATION_COMMENTS = YES;
				CLANG_WARN_EMPTY_BODY = YES;
				CLANG_WARN_ENUM_CONVERSION = YES;
				CLANG_WARN_INFINITE_RECURSION = YES;
				CLANG_WARN_INT_CONVERSION = YES;
				CLANG_WARN_NON_LITERAL_NULL_CONVERSION = YES;
				CLANG_WARN_OBJC_IMPLICIT_RETAIN_SELF = YES;
				CLANG_WARN_OBJC_LITERAL_CONVERSION = YES;
				CLANG_WARN_OBJC_ROOT_CLASS = YES_ERROR;
				CLANG_WARN_RANGE_LOOP_ANALYSIS = YES;
				CLANG_WARN_STRICT_PROTOTYPES = YES;
				CLANG_WARN_SUSPICIOUS_MOVE = YES;
				CLANG_WARN_UNGUARDED_AVAILABILITY = YES_AGGRESSIVE;
				CLANG_WARN_UNREACHABLE_CODE = YES;
				CLANG_WARN__DUPLICATE_METHOD_MATCH = YES;
				CODE_SIGN_IDENTITY = "iPhone Developer";
				COPY_PHASE_STRIP = NO;
				DEBUG_INFORMATION_FORMAT = "dwarf-with-dsym";
				ENABLE_NS_ASSERTIONS = NO;
				ENABLE_STRICT_OBJC_MSGSEND = YES;
				GCC_C_LANGUAGE_STANDARD = gnu11;
				GCC_NO_COMMON_BLOCKS = YES;
				GCC_WARN_64_TO_32_BIT_CONVERSION = YES;
				GCC_WARN_ABOUT_RETURN_TYPE = YES_ERROR;
				GCC_WARN_UNDECLARED_SELECTOR = YES;
				GCC_WARN_UNINITIALIZED_AUTOS = YES_AGGRESSIVE;
				GCC_WARN_UNUSED_FUNCTION = YES;
				GCC_WARN_UNUSED_VARIABLE = YES;
				IPHONEOS_DEPLOYMENT_TARGET = 12.2;
				MTL_ENABLE_DEBUG_INFO = NO;
				MTL_FAST_MATH = YES;
				SDKROOT = iphoneos;
				SWIFT_COMPILATION_MODE = wholemodule;
				SWIFT_OPTIMIZATION_LEVEL = "-O";
				VALIDATE_PRODUCT = YES;
			};
			name = Release;
		};
		523FA9892252C79F001E12C9 /* Debug */ = {
			isa = XCBuildConfiguration;
			baseConfigurationReference = 39EB531349E6D889B1B7E276 /* Pods-DALI Yak.debug.xcconfig */;
			buildSettings = {
				ASSETCATALOG_COMPILER_APPICON_NAME = AppIcon;
				CODE_SIGN_STYLE = Automatic;
				DEVELOPMENT_TEAM = JQ28K6Y7JE;
				INFOPLIST_FILE = "$(SRCROOT)/DALI Yak/Supporting Files/Info.plist";
				LD_RUNPATH_SEARCH_PATHS = (
					"$(inherited)",
					"@executable_path/Frameworks",
				);
				PRODUCT_BUNDLE_IDENTIFIER = "edu.dartmouth.edu.DALI-Yak";
				PRODUCT_NAME = "$(TARGET_NAME)";
				SWIFT_VERSION = 5.0;
				TARGETED_DEVICE_FAMILY = "1,2";
			};
			name = Debug;
		};
		523FA98A2252C79F001E12C9 /* Release */ = {
			isa = XCBuildConfiguration;
			baseConfigurationReference = 0620AED95A42EA1493B76DC2 /* Pods-DALI Yak.release.xcconfig */;
			buildSettings = {
				ASSETCATALOG_COMPILER_APPICON_NAME = AppIcon;
				CODE_SIGN_STYLE = Automatic;
				DEVELOPMENT_TEAM = JQ28K6Y7JE;
				INFOPLIST_FILE = "$(SRCROOT)/DALI Yak/Supporting Files/Info.plist";
				LD_RUNPATH_SEARCH_PATHS = (
					"$(inherited)",
					"@executable_path/Frameworks",
				);
				PRODUCT_BUNDLE_IDENTIFIER = "edu.dartmouth.edu.DALI-Yak";
				PRODUCT_NAME = "$(TARGET_NAME)";
				SWIFT_VERSION = 5.0;
				TARGETED_DEVICE_FAMILY = "1,2";
			};
			name = Release;
		};
/* End XCBuildConfiguration section */

/* Begin XCConfigurationList section */
		523FA9712252C79D001E12C9 /* Build configuration list for PBXProject "DALI Yak" */ = {
			isa = XCConfigurationList;
			buildConfigurations = (
				523FA9862252C79F001E12C9 /* Debug */,
				523FA9872252C79F001E12C9 /* Release */,
			);
			defaultConfigurationIsVisible = 0;
			defaultConfigurationName = Release;
		};
		523FA9882252C79F001E12C9 /* Build configuration list for PBXNativeTarget "DALI Yak" */ = {
			isa = XCConfigurationList;
			buildConfigurations = (
				523FA9892252C79F001E12C9 /* Debug */,
				523FA98A2252C79F001E12C9 /* Release */,
			);
			defaultConfigurationIsVisible = 0;
			defaultConfigurationName = Release;
		};
/* End XCConfigurationList section */
	};
	rootObject = 523FA96E2252C79D001E12C9 /* Project object */;
}
