// !$*UTF8*$!
{
	archiveVersion = 1;
	classes = {
	};
	objectVersion = 48;
	objects = {

/* Begin PBXBuildFile section */
		5204675020217F8B00530F8D /* Database.swift in Sources */ = {isa = PBXBuildFile; fileRef = 5204674F20217F8B00530F8D /* Database.swift */; };
		520467572021840100530F8D /* BalanceModel.xcdatamodeld in Sources */ = {isa = PBXBuildFile; fileRef = 520467552021840100530F8D /* BalanceModel.xcdatamodeld */; };
		52BB665E2021742400CA3315 /* AppDelegate.swift in Sources */ = {isa = PBXBuildFile; fileRef = 52BB665D2021742400CA3315 /* AppDelegate.swift */; };
		52BB66602021742400CA3315 /* RootViewController.swift in Sources */ = {isa = PBXBuildFile; fileRef = 52BB665F2021742400CA3315 /* RootViewController.swift */; };
		52BB66652021742400CA3315 /* Main.storyboard in Resources */ = {isa = PBXBuildFile; fileRef = 52BB66632021742400CA3315 /* Main.storyboard */; };
		52BB66672021742400CA3315 /* Assets.xcassets in Resources */ = {isa = PBXBuildFile; fileRef = 52BB66662021742400CA3315 /* Assets.xcassets */; };
		52BB666A2021742400CA3315 /* LaunchScreen.storyboard in Resources */ = {isa = PBXBuildFile; fileRef = 52BB66682021742400CA3315 /* LaunchScreen.storyboard */; };
		52E1D0882022662D0008859C /* NameAlert.swift in Sources */ = {isa = PBXBuildFile; fileRef = 52E1D0872022662D0008859C /* NameAlert.swift */; };
/* End PBXBuildFile section */

/* Begin PBXFileReference section */
		5204674F20217F8B00530F8D /* Database.swift */ = {isa = PBXFileReference; lastKnownFileType = sourcecode.swift; path = Database.swift; sourceTree = "<group>"; };
		520467562021840100530F8D /* BalanceModel.xcdatamodel */ = {isa = PBXFileReference; lastKnownFileType = wrapper.xcdatamodel; path = BalanceModel.xcdatamodel; sourceTree = "<group>"; };
		52BB665A2021742400CA3315 /* iOS Workshop.app */ = {isa = PBXFileReference; explicitFileType = wrapper.application; includeInIndex = 0; path = "iOS Workshop.app"; sourceTree = BUILT_PRODUCTS_DIR; };
		52BB665D2021742400CA3315 /* AppDelegate.swift */ = {isa = PBXFileReference; lastKnownFileType = sourcecode.swift; path = AppDelegate.swift; sourceTree = "<group>"; };
		52BB665F2021742400CA3315 /* RootViewController.swift */ = {isa = PBXFileReference; lastKnownFileType = sourcecode.swift; path = RootViewController.swift; sourceTree = "<group>"; };
		52BB66642021742400CA3315 /* Base */ = {isa = PBXFileReference; lastKnownFileType = file.storyboard; name = Base; path = Base.lproj/Main.storyboard; sourceTree = "<group>"; };
		52BB66662021742400CA3315 /* Assets.xcassets */ = {isa = PBXFileReference; lastKnownFileType = folder.assetcatalog; path = Assets.xcassets; sourceTree = "<group>"; };
		52BB66692021742400CA3315 /* Base */ = {isa = PBXFileReference; lastKnownFileType = file.storyboard; name = Base; path = Base.lproj/LaunchScreen.storyboard; sourceTree = "<group>"; };
		52BB666B2021742400CA3315 /* Info.plist */ = {isa = PBXFileReference; lastKnownFileType = text.plist.xml; path = Info.plist; sourceTree = "<group>"; };
		52E1D0872022662D0008859C /* NameAlert.swift */ = {isa = PBXFileReference; fileEncoding = 4; lastKnownFileType = sourcecode.swift; path = NameAlert.swift; sourceTree = "<group>"; };
/* End PBXFileReference section */

/* Begin PBXFrameworksBuildPhase section */
		52BB66572021742400CA3315 /* Frameworks */ = {
			isa = PBXFrameworksBuildPhase;
			buildActionMask = 2147483647;
			files = (
			);
			runOnlyForDeploymentPostprocessing = 0;
		};
/* End PBXFrameworksBuildPhase section */

/* Begin PBXGroup section */
		5204674B202178D000530F8D /* Data Storage */ = {
			isa = PBXGroup;
			children = (
				520467552021840100530F8D /* BalanceModel.xcdatamodeld */,
				5204674F20217F8B00530F8D /* Database.swift */,
			);
			path = "Data Storage";
			sourceTree = "<group>";
		};
		52BB66512021742400CA3315 = {
			isa = PBXGroup;
			children = (
				52BB665C2021742400CA3315 /* iOS Workshop */,
				52BB665B2021742400CA3315 /* Products */,
			);
			sourceTree = "<group>";
		};
		52BB665B2021742400CA3315 /* Products */ = {
			isa = PBXGroup;
			children = (
				52BB665A2021742400CA3315 /* iOS Workshop.app */,
			);
			name = Products;
			sourceTree = "<group>";
		};
		52BB665C2021742400CA3315 /* iOS Workshop */ = {
			isa = PBXGroup;
			children = (
				52BB665D2021742400CA3315 /* AppDelegate.swift */,
				52BB665F2021742400CA3315 /* RootViewController.swift */,
				52BB66632021742400CA3315 /* Main.storyboard */,
				52BB66662021742400CA3315 /* Assets.xcassets */,
				52BB66682021742400CA3315 /* LaunchScreen.storyboard */,
				52BB666B2021742400CA3315 /* Info.plist */,
				52E1D0872022662D0008859C /* NameAlert.swift */,
				5204674B202178D000530F8D /* Data Storage */,
			);
			path = "iOS Workshop";
			sourceTree = "<group>";
		};
/* End PBXGroup section */

/* Begin PBXNativeTarget section */
		52BB66592021742400CA3315 /* iOS Workshop */ = {
			isa = PBXNativeTarget;
			buildConfigurationList = 52BB666E2021742400CA3315 /* Build configuration list for PBXNativeTarget "iOS Workshop" */;
			buildPhases = (
				52BB66562021742400CA3315 /* Sources */,
				52BB66572021742400CA3315 /* Frameworks */,
				52BB66582021742400CA3315 /* Resources */,
			);
			buildRules = (
			);
			dependencies = (
			);
			name = "iOS Workshop";
			productName = "iOS Workshop";
			productReference = 52BB665A2021742400CA3315 /* iOS Workshop.app */;
			productType = "com.apple.product-type.application";
		};
/* End PBXNativeTarget section */

/* Begin PBXProject section */
		52BB66522021742400CA3315 /* Project object */ = {
			isa = PBXProject;
			attributes = {
				LastSwiftUpdateCheck = 0920;
				LastUpgradeCheck = 0920;
				ORGANIZATIONNAME = "You!";
				TargetAttributes = {
					52BB66592021742400CA3315 = {
						CreatedOnToolsVersion = 9.2;
						ProvisioningStyle = Automatic;
					};
				};
			};
			buildConfigurationList = 52BB66552021742400CA3315 /* Build configuration list for PBXProject "iOS Workshop" */;
			compatibilityVersion = "Xcode 8.0";
			developmentRegion = en;
			hasScannedForEncodings = 0;
			knownRegions = (
				en,
				Base,
			);
			mainGroup = 52BB66512021742400CA3315;
			productRefGroup = 52BB665B2021742400CA3315 /* Products */;
			projectDirPath = "";
			projectRoot = "";
			targets = (
				52BB66592021742400CA3315 /* iOS Workshop */,
			);
		};
/* End PBXProject section */

/* Begin PBXResourcesBuildPhase section */
		52BB66582021742400CA3315 /* Resources */ = {
			isa = PBXResourcesBuildPhase;
			buildActionMask = 2147483647;
			files = (
				52BB666A2021742400CA3315 /* LaunchScreen.storyboard in Resources */,
				52BB66672021742400CA3315 /* Assets.xcassets in Resources */,
				52BB66652021742400CA3315 /* Main.storyboard in Resources */,
			);
			runOnlyForDeploymentPostprocessing = 0;
		};
/* End PBXResourcesBuildPhase section */

/* Begin PBXSourcesBuildPhase section */
		52BB66562021742400CA3315 /* Sources */ = {
			isa = PBXSourcesBuildPhase;
			buildActionMask = 2147483647;
			files = (
				520467572021840100530F8D /* BalanceModel.xcdatamodeld in Sources */,
				52BB665E2021742400CA3315 /* AppDelegate.swift in Sources */,
				52E1D0882022662D0008859C /* NameAlert.swift in Sources */,
				5204675020217F8B00530F8D /* Database.swift in Sources */,
				52BB66602021742400CA3315 /* RootViewController.swift in Sources */,
			);
			runOnlyForDeploymentPostprocessing = 0;
		};
/* End PBXSourcesBuildPhase section */

/* Begin PBXVariantGroup section */
		52BB66632021742400CA3315 /* Main.storyboard */ = {
			isa = PBXVariantGroup;
			children = (
				52BB66642021742400CA3315 /* Base */,
			);
			name = Main.storyboard;
			sourceTree = "<group>";
		};
		52BB66682021742400CA3315 /* LaunchScreen.storyboard */ = {
			isa = PBXVariantGroup;
			children = (
				52BB66692021742400CA3315 /* Base */,
			);
			name = LaunchScreen.storyboard;
			sourceTree = "<group>";
		};
/* End PBXVariantGroup section */

/* Begin XCBuildConfiguration section */
		52BB666C2021742400CA3315 /* Debug */ = {
			isa = XCBuildConfiguration;
			buildSettings = {
				ALWAYS_SEARCH_USER_PATHS = NO;
				CLANG_ANALYZER_NONNULL = YES;
				CLANG_ANALYZER_NUMBER_OBJECT_CONVERSION = YES_AGGRESSIVE;
				CLANG_CXX_LANGUAGE_STANDARD = "gnu++14";
				CLANG_CXX_LIBRARY = "libc++";
				CLANG_ENABLE_MODULES = YES;
				CLANG_ENABLE_OBJC_ARC = YES;
				CLANG_WARN_BLOCK_CAPTURE_AUTORELEASING = YES;
				CLANG_WARN_BOOL_CONVERSION = YES;
				CLANG_WARN_COMMA = YES;
				CLANG_WARN_CONSTANT_CONVERSION = YES;
				CLANG_WARN_DIRECT_OBJC_ISA_USAGE = YES_ERROR;
				CLANG_WARN_DOCUMENTATION_COMMENTS = YES;
				CLANG_WARN_EMPTY_BODY = YES;
				CLANG_WARN_ENUM_CONVERSION = YES;
				CLANG_WARN_INFINITE_RECURSION = YES;
				CLANG_WARN_INT_CONVERSION = YES;
				CLANG_WARN_NON_LITERAL_NULL_CONVERSION = YES;
				CLANG_WARN_OBJC_LITERAL_CONVERSION = YES;
				CLANG_WARN_OBJC_ROOT_CLASS = YES_ERROR;
				CLANG_WARN_RANGE_LOOP_ANALYSIS = YES;
				CLANG_WARN_STRICT_PROTOTYPES = YES;
				CLANG_WARN_SUSPICIOUS_MOVE = YES;
				CLANG_WARN_UNGUARDED_AVAILABILITY = YES_AGGRESSIVE;
				CLANG_WARN_UNREACHABLE_CODE = YES;
				CLANG_WARN__DUPLICATE_METHOD_MATCH = YES;
				CODE_SIGN_IDENTITY = "iPhone Developer";
				COPY_PHASE_STRIP = NO;
				DEBUG_INFORMATION_FORMAT = dwarf;
				ENABLE_STRICT_OBJC_MSGSEND = YES;
				ENABLE_TESTABILITY = YES;
				GCC_C_LANGUAGE_STANDARD = gnu11;
				GCC_DYNAMIC_NO_PIC = NO;
				GCC_NO_COMMON_BLOCKS = YES;
				GCC_OPTIMIZATION_LEVEL = 0;
				GCC_PREPROCESSOR_DEFINITIONS = (
					"DEBUG=1",
					"$(inherited)",
				);
				GCC_WARN_64_TO_32_BIT_CONVERSION = YES;
				GCC_WARN_ABOUT_RETURN_TYPE = YES_ERROR;
				GCC_WARN_UNDECLARED_SELECTOR = YES;
				GCC_WARN_UNINITIALIZED_AUTOS = YES_AGGRESSIVE;
				GCC_WARN_UNUSED_FUNCTION = YES;
				GCC_WARN_UNUSED_VARIABLE = YES;
				IPHONEOS_DEPLOYMENT_TARGET = 11.2;
				MTL_ENABLE_DEBUG_INFO = YES;
				ONLY_ACTIVE_ARCH = YES;
				SDKROOT = iphoneos;
				SWIFT_ACTIVE_COMPILATION_CONDITIONS = DEBUG;
				SWIFT_OPTIMIZATION_LEVEL = "-Onone";
			};
			name = Debug;
		};
		52BB666D2021742400CA3315 /* Release */ = {
			isa = XCBuildConfiguration;
			buildSettings = {
				ALWAYS_SEARCH_USER_PATHS = NO;
				CLANG_ANALYZER_NONNULL = YES;
				CLANG_ANALYZER_NUMBER_OBJECT_CONVERSION = YES_AGGRESSIVE;
				CLANG_CXX_LANGUAGE_STANDARD = "gnu++14";
				CLANG_CXX_LIBRARY = "libc++";
				CLANG_ENABLE_MODULES = YES;
				CLANG_ENABLE_OBJC_ARC = YES;
				CLANG_WARN_BLOCK_CAPTURE_AUTORELEASING = YES;
				CLANG_WARN_BOOL_CONVERSION = YES;
				CLANG_WARN_COMMA = YES;
				CLANG_WARN_CONSTANT_CONVERSION = YES;
				CLANG_WARN_DIRECT_OBJC_ISA_USAGE = YES_ERROR;
				CLANG_WARN_DOCUMENTATION_COMMENTS = YES;
				CLANG_WARN_EMPTY_BODY = YES;
				CLANG_WARN_ENUM_CONVERSION = YES;
				CLANG_WARN_INFINITE_RECURSION = YES;
				CLANG_WARN_INT_CONVERSION = YES;
				CLANG_WARN_NON_LITERAL_NULL_CONVERSION = YES;
				CLANG_WARN_OBJC_LITERAL_CONVERSION = YES;
				CLANG_WARN_OBJC_ROOT_CLASS = YES_ERROR;
				CLANG_WARN_RANGE_LOOP_ANALYSIS = YES;
				CLANG_WARN_STRICT_PROTOTYPES = YES;
				CLANG_WARN_SUSPICIOUS_MOVE = YES;
				CLANG_WARN_UNGUARDED_AVAILABILITY = YES_AGGRESSIVE;
				CLANG_WARN_UNREACHABLE_CODE = YES;
				CLANG_WARN__DUPLICATE_METHOD_MATCH = YES;
				CODE_SIGN_IDENTITY = "iPhone Developer";
				COPY_PHASE_STRIP = NO;
				DEBUG_INFORMATION_FORMAT = "dwarf-with-dsym";
				ENABLE_NS_ASSERTIONS = NO;
				ENABLE_STRICT_OBJC_MSGSEND = YES;
				GCC_C_LANGUAGE_STANDARD = gnu11;
				GCC_NO_COMMON_BLOCKS = YES;
				GCC_WARN_64_TO_32_BIT_CONVERSION = YES;
				GCC_WARN_ABOUT_RETURN_TYPE = YES_ERROR;
				GCC_WARN_UNDECLARED_SELECTOR = YES;
				GCC_WARN_UNINITIALIZED_AUTOS = YES_AGGRESSIVE;
				GCC_WARN_UNUSED_FUNCTION = YES;
				GCC_WARN_UNUSED_VARIABLE = YES;
				IPHONEOS_DEPLOYMENT_TARGET = 11.2;
				MTL_ENABLE_DEBUG_INFO = NO;
				SDKROOT = iphoneos;
				SWIFT_OPTIMIZATION_LEVEL = "-Owholemodule";
				VALIDATE_PRODUCT = YES;
			};
			name = Release;
		};
		52BB666F2021742400CA3315 /* Debug */ = {
			isa = XCBuildConfiguration;
			buildSettings = {
				ASSETCATALOG_COMPILER_APPICON_NAME = AppIcon;
				"CODE_SIGN_IDENTITY[sdk=iphoneos*]" = "iPhone Developer";
				CODE_SIGN_STYLE = Automatic;
				DEVELOPMENT_TEAM = "";
				INFOPLIST_FILE = "iOS Workshop/Info.plist";
				LD_RUNPATH_SEARCH_PATHS = "$(inherited) @executable_path/Frameworks";
				PRODUCT_BUNDLE_IDENTIFIER = "com.yournamehere.iOS-Workshop";
				PRODUCT_NAME = "$(TARGET_NAME)";
				PROVISIONING_PROFILE_SPECIFIER = "";
				SWIFT_VERSION = 4.0;
				TARGETED_DEVICE_FAMILY = "1,2";
			};
			name = Debug;
		};
		52BB66702021742400CA3315 /* Release */ = {
			isa = XCBuildConfiguration;
			buildSettings = {
				ASSETCATALOG_COMPILER_APPICON_NAME = AppIcon;
				"CODE_SIGN_IDENTITY[sdk=iphoneos*]" = "iPhone Developer";
				CODE_SIGN_STYLE = Automatic;
				DEVELOPMENT_TEAM = "";
				INFOPLIST_FILE = "iOS Workshop/Info.plist";
				LD_RUNPATH_SEARCH_PATHS = "$(inherited) @executable_path/Frameworks";
				PRODUCT_BUNDLE_IDENTIFIER = "com.yournamehere.iOS-Workshop";
				PRODUCT_NAME = "$(TARGET_NAME)";
				PROVISIONING_PROFILE_SPECIFIER = "";
				SWIFT_VERSION = 4.0;
				TARGETED_DEVICE_FAMILY = "1,2";
			};
			name = Release;
		};
/* End XCBuildConfiguration section */

/* Begin XCConfigurationList section */
		52BB66552021742400CA3315 /* Build configuration list for PBXProject "iOS Workshop" */ = {
			isa = XCConfigurationList;
			buildConfigurations = (
				52BB666C2021742400CA3315 /* Debug */,
				52BB666D2021742400CA3315 /* Release */,
			);
			defaultConfigurationIsVisible = 0;
			defaultConfigurationName = Release;
		};
		52BB666E2021742400CA3315 /* Build configuration list for PBXNativeTarget "iOS Workshop" */ = {
			isa = XCConfigurationList;
			buildConfigurations = (
				52BB666F2021742400CA3315 /* Debug */,
				52BB66702021742400CA3315 /* Release */,
			);
			defaultConfigurationIsVisible = 0;
			defaultConfigurationName = Release;
		};
/* End XCConfigurationList section */

/* Begin XCVersionGroup section */
		520467552021840100530F8D /* BalanceModel.xcdatamodeld */ = {
			isa = XCVersionGroup;
			children = (
				520467562021840100530F8D /* BalanceModel.xcdatamodel */,
			);
			currentVersion = 520467562021840100530F8D /* BalanceModel.xcdatamodel */;
			path = BalanceModel.xcdatamodeld;
			sourceTree = "<group>";
			versionGroupType = wrapper.xcdatamodel;
		};
/* End XCVersionGroup section */
	};
	rootObject = 52BB66522021742400CA3315 /* Project object */;
}
